Microsoft Visual Studio Solution File, Format Version 12.00
# Visual Studio Version 17
VisualStudioVersion = 17.5.2.0
MinimumVisualStudioVersion = 10.0.40219.1
Project("{FAE04EC0-301F-11D3-BF4B-00C04F79EFBC}") = "Presentation", "Presentation.csproj", "{D7DE3AC2-4A70-930A-B1A6-991E6A3D1009}"
EndProject
Project("{2150E333-8FDC-42A3-9474-1A3956D46DE8}") = "Libraries", "Libraries", "{09F4518A-CD9B-4B20-B8BF-F9225EABD371}"
EndProject
Project("{2150E333-8FDC-42A3-9474-1A3956D46DE8}") = "Data", "Data", "{81C3E190-E7FF-4D22-8130-DE66A8B5BFD4}"
EndProject
Project("{2150E333-8FDC-42A3-9474-1A3956D46DE8}") = "Service", "Service", "{58043BD1-03D4-427E-974B-663C5842B835}"
EndProject
Project("{FAE04EC0-301F-11D3-BF4B-00C04F79EFBC}") = "BusinessObject", "..\BusinessObject\BusinessObject.csproj", "{1807EA88-6B5E-4D58-83A5-2460E2378963}"
EndProject
Project("{FAE04EC0-301F-11D3-BF4B-00C04F79EFBC}") = "CommandService", "..\CommandService\CommandService.csproj", "{5A743440-198A-4D8E-A974-41F3965E045D}"
EndProject
Project("{FAE04EC0-301F-11D3-BF4B-00C04F79EFBC}") = "QueryService", "..\QueryService\QueryService.csproj", "{F63409D9-62CD-4C09-969E-ABAD6F870CF4}"
EndProject
Project("{FAE04EC0-301F-11D3-BF4B-00C04F79EFBC}") = "DataAccess", "..\DataAccess\DataAccess.csproj", "{22FCE446-F989-4D18-80F5-4684F0768D7A}"
EndProject
Project("{2150E333-8FDC-42A3-9474-1A3956D46DE8}") = "TaskWeb", "TaskWeb", "{AD0DC7F2-5AB7-4601-988B-C1FE59167985}"
EndProject
Project("{2150E333-8FDC-42A3-9474-1A3956D46DE8}") = "Tests", "Tests", "{D36150B4-E694-4757-AB11-A6AC804BA9FA}"
EndProject
Project("{FAE04EC0-301F-11D3-BF4B-00C04F79EFBC}") = "PresentationTests", "..\PresentationTests\PresentationTests.csproj", "{7C074119-9DA1-4A69-A5C0-2851FA0B045E}"
EndProject
Global
	GlobalSection(SolutionConfigurationPlatforms) = preSolution
		Debug|Any CPU = Debug|Any CPU
		Release|Any CPU = Release|Any CPU
	EndGlobalSection
	GlobalSection(ProjectConfigurationPlatforms) = postSolution
		{D7DE3AC2-4A70-930A-B1A6-991E6A3D1009}.Debug|Any CPU.ActiveCfg = Debug|Any CPU
		{D7DE3AC2-4A70-930A-B1A6-991E6A3D1009}.Debug|Any CPU.Build.0 = Debug|Any CPU
		{D7DE3AC2-4A70-930A-B1A6-991E6A3D1009}.Release|Any CPU.ActiveCfg = Release|Any CPU
		{D7DE3AC2-4A70-930A-B1A6-991E6A3D1009}.Release|Any CPU.Build.0 = Release|Any CPU
		{1807EA88-6B5E-4D58-83A5-2460E2378963}.Debug|Any CPU.ActiveCfg = Debug|Any CPU
		{1807EA88-6B5E-4D58-83A5-2460E2378963}.Debug|Any CPU.Build.0 = Debug|Any CPU
		{1807EA88-6B5E-4D58-83A5-2460E2378963}.Release|Any CPU.ActiveCfg = Release|Any CPU
		{1807EA88-6B5E-4D58-83A5-2460E2378963}.Release|Any CPU.Build.0 = Release|Any CPU
		{5A743440-198A-4D8E-A974-41F3965E045D}.Debug|Any CPU.ActiveCfg = Debug|Any CPU
		{5A743440-198A-4D8E-A974-41F3965E045D}.Debug|Any CPU.Build.0 = Debug|Any CPU
		{5A743440-198A-4D8E-A974-41F3965E045D}.Release|Any CPU.ActiveCfg = Release|Any CPU
		{5A743440-198A-4D8E-A974-41F3965E045D}.Release|Any CPU.Build.0 = Release|Any CPU
		{F63409D9-62CD-4C09-969E-ABAD6F870CF4}.Debug|Any CPU.ActiveCfg = Debug|Any CPU
		{F63409D9-62CD-4C09-969E-ABAD6F870CF4}.Debug|Any CPU.Build.0 = Debug|Any CPU
		{F63409D9-62CD-4C09-969E-ABAD6F870CF4}.Release|Any CPU.ActiveCfg = Release|Any CPU
		{F63409D9-62CD-4C09-969E-ABAD6F870CF4}.Release|Any CPU.Build.0 = Release|Any CPU
		{22FCE446-F989-4D18-80F5-4684F0768D7A}.Debug|Any CPU.ActiveCfg = Debug|Any CPU
		{22FCE446-F989-4D18-80F5-4684F0768D7A}.Debug|Any CPU.Build.0 = Debug|Any CPU
		{22FCE446-F989-4D18-80F5-4684F0768D7A}.Release|Any CPU.ActiveCfg = Release|Any CPU
		{22FCE446-F989-4D18-80F5-4684F0768D7A}.Release|Any CPU.Build.0 = Release|Any CPU
		{7C074119-9DA1-4A69-A5C0-2851FA0B045E}.Debug|Any CPU.ActiveCfg = Debug|Any CPU
		{7C074119-9DA1-4A69-A5C0-2851FA0B045E}.Debug|Any CPU.Build.0 = Debug|Any CPU
		{7C074119-9DA1-4A69-A5C0-2851FA0B045E}.Release|Any CPU.ActiveCfg = Release|Any CPU
		{7C074119-9DA1-4A69-A5C0-2851FA0B045E}.Release|Any CPU.Build.0 = Release|Any CPU
	EndGlobalSection
	GlobalSection(SolutionProperties) = preSolution
		HideSolutionNode = FALSE
	EndGlobalSection
	GlobalSection(NestedProjects) = preSolution
		{D7DE3AC2-4A70-930A-B1A6-991E6A3D1009} = {AD0DC7F2-5AB7-4601-988B-C1FE59167985}
		{81C3E190-E7FF-4D22-8130-DE66A8B5BFD4} = {09F4518A-CD9B-4B20-B8BF-F9225EABD371}
		{58043BD1-03D4-427E-974B-663C5842B835} = {09F4518A-CD9B-4B20-B8BF-F9225EABD371}
		{1807EA88-6B5E-4D58-83A5-2460E2378963} = {58043BD1-03D4-427E-974B-663C5842B835}
		{5A743440-198A-4D8E-A974-41F3965E045D} = {58043BD1-03D4-427E-974B-663C5842B835}
		{F63409D9-62CD-4C09-969E-ABAD6F870CF4} = {58043BD1-03D4-427E-974B-663C5842B835}
		{22FCE446-F989-4D18-80F5-4684F0768D7A} = {81C3E190-E7FF-4D22-8130-DE66A8B5BFD4}
		{7C074119-9DA1-4A69-A5C0-2851FA0B045E} = {D36150B4-E694-4757-AB11-A6AC804BA9FA}
	EndGlobalSection
	GlobalSection(ExtensibilityGlobals) = postSolution
		SolutionGuid = {FE4929C3-52B2-4415-9437-EDD9EEDC8F3C}
	EndGlobalSection
EndGlobal
